
Microsoft Visual Studio Solution File, Format Version 12.00
# Visual Studio 15
VisualStudioVersion = 15.0.26430.16
MinimumVisualStudioVersion = 10.0.40219.1
Project("{FAE04EC0-301F-11D3-BF4B-00C04F79EFBC}") = "ConsoleBlog", "ConsoleBlog\ConsoleBlog.csproj", "{542F64BC-E944-4232-BDA5-BFEBD987C7F0}"
EndProject
Project("{FAE04EC0-301F-11D3-BF4B-00C04F79EFBC}") = "ConsoleBlogTests", "ConsoleBlogTests\ConsoleBlogTests.csproj", "{43264052-128F-4E16-A4D8-A6B6C8A0161E}"
EndProject
Global
	GlobalSection(SolutionConfigurationPlatforms) = preSolution
		Debug|Any CPU = Debug|Any CPU
		Release|Any CPU = Release|Any CPU
	EndGlobalSection
	GlobalSection(ProjectConfigurationPlatforms) = postSolution
		{542F64BC-E944-4232-BDA5-BFEBD987C7F0}.Debug|Any CPU.ActiveCfg = Debug|Any CPU
		{542F64BC-E944-4232-BDA5-BFEBD987C7F0}.Debug|Any CPU.Build.0 = Debug|Any CPU
		{542F64BC-E944-4232-BDA5-BFEBD987C7F0}.Release|Any CPU.ActiveCfg = Release|Any CPU
		{542F64BC-E944-4232-BDA5-BFEBD987C7F0}.Release|Any CPU.Build.0 = Release|Any CPU
		{43264052-128F-4E16-A4D8-A6B6C8A0161E}.Debug|Any CPU.ActiveCfg = Debug|Any CPU
		{43264052-128F-4E16-A4D8-A6B6C8A0161E}.Debug|Any CPU.Build.0 = Debug|Any CPU
		{43264052-128F-4E16-A4D8-A6B6C8A0161E}.Release|Any CPU.ActiveCfg = Release|Any CPU
		{43264052-128F-4E16-A4D8-A6B6C8A0161E}.Release|Any CPU.Build.0 = Release|Any CPU
	EndGlobalSection
	GlobalSection(SolutionProperties) = preSolution
		HideSolutionNode = FALSE
	EndGlobalSection
EndGlobal
